---
name: "🔒 Lock Resolved Issues/PRs"

on:
  pull_request:
    types:
      - closed
  issues:
    types:
      - closed

jobs:
  lock:
    runs-on: ubuntu-latest

    steps:
      - uses: chxseh/action-lock-unlock@v1.0.1
        with:
          github-token: ${{ secrets.GITHUB_TOKEN }}
          number: ${{ github.event.pull_request.number || github.event.issue.number }}
          lock: true
          lock-reason: resolved
